
Microsoft Visual Studio Solution File, Format Version 12.00
# Visual Studio Version 17
VisualStudioVersion = 17.6.33815.320
MinimumVisualStudioVersion = 10.0.40219.1
Project("{FAE04EC0-301F-11D3-BF4B-00C04F79EFBC}") = "QLPHONGTHUCHANH", "QLPHONGTHUCHANH\QLPHONGTHUCHANH.csproj", "{A787DBE8-5110-4870-BC33-D073DD5467E9}"
EndProject
Global
	GlobalSection(SolutionConfigurationPlatforms) = preSolution
		Debug|Any CPU = Debug|Any CPU
		Release|Any CPU = Release|Any CPU
	EndGlobalSection
	GlobalSection(ProjectConfigurationPlatforms) = postSolution
		{A787DBE8-5110-4870-BC33-D073DD5467E9}.Debug|Any CPU.ActiveCfg = Debug|Any CPU
		{A787DBE8-5110-4870-BC33-D073DD5467E9}.Debug|Any CPU.Build.0 = Debug|Any CPU
		{A787DBE8-5110-4870-BC33-D073DD5467E9}.Release|Any CPU.ActiveCfg = Release|Any CPU
		{A787DBE8-5110-4870-BC33-D073DD5467E9}.Release|Any CPU.Build.0 = Release|Any CPU
	EndGlobalSection
	GlobalSection(SolutionProperties) = preSolution
		HideSolutionNode = FALSE
	EndGlobalSection
	GlobalSection(ExtensibilityGlobals) = postSolution
		SolutionGuid = {40416DD9-63EA-4159-8081-248113248F95}
	EndGlobalSection
EndGlobal
